
Microsoft Visual Studio Solution File, Format Version 12.00
# Visual Studio 2013
VisualStudioVersion = 12.0.30723.0
MinimumVisualStudioVersion = 10.0.40219.1
Project("{FAE04EC0-301F-11D3-BF4B-00C04F79EFBC}") = "NoFrillsTransformation", "NoFrillsTransformation\NoFrillsTransformation.csproj", "{6BA46494-CE03-4501-8E16-A0BF1C5A3314}"
EndProject
Project("{FAE04EC0-301F-11D3-BF4B-00C04F79EFBC}") = "LumenWorks.Framework.IO", "..\3rdParty\LumenWorks.Framework.IO\LumenWorks.Framework.IO.csproj", "{E3B83D68-C90C-4874-8E5F-DEC8D038BC7C}"
EndProject
Project("{FAE04EC0-301F-11D3-BF4B-00C04F79EFBC}") = "NoFrillsTransformation.Plugins.Csv", "NoFrillsTranformation.Plugins.CsvReader\NoFrillsTransformation.Plugins.Csv.csproj", "{94D2E8EB-FE71-4625-B425-F2DC61B3586C}"
EndProject
Project("{FAE04EC0-301F-11D3-BF4B-00C04F79EFBC}") = "NoFrillsTransformation.Interfaces", "NoFrillsTransformation.Interfaces\NoFrillsTransformation.Interfaces.csproj", "{BF8F3429-0C30-4398-9C68-C3F4A4602E27}"
EndProject
Project("{2150E333-8FDC-42A3-9474-1A3956D46DE8}") = "Solution Items", "Solution Items", "{DCD343BD-D2D9-41B8-8A93-4DC18B9800E7}"
	ProjectSection(SolutionItems) = preProject
		..\..\config\operator_include.xml = ..\..\config\operator_include.xml
		..\..\README.md = ..\..\README.md
		..\..\config\sample_config.xml = ..\..\config\sample_config.xml
		..\..\config\sample_config_sfdc.xml = ..\..\config\sample_config_sfdc.xml
		..\..\config\sfdc_config_martin.xml = ..\..\config\sfdc_config_martin.xml
	EndProjectSection
EndProject
Project("{FAE04EC0-301F-11D3-BF4B-00C04F79EFBC}") = "NoFrillsTransformation.Operators", "NoFrillsTransformation.Operators\NoFrillsTransformation.Operators.csproj", "{EE679D88-2FDC-43C1-BA46-B675DDF50875}"
EndProject
Project("{FAE04EC0-301F-11D3-BF4B-00C04F79EFBC}") = "NoFrillsTransformation.Plugins.Salesforce", "NoFrillsTransformation.Plugins.Salesforce\NoFrillsTransformation.Plugins.Salesforce.csproj", "{5D6C04EA-4207-4893-85EF-F8AA3981122D}"
EndProject
Project("{FAE04EC0-301F-11D3-BF4B-00C04F79EFBC}") = "NoFrillsTransformation.Plugins.Salesforce.Test", "NoFrillsTransformation.Plugins.Salesforce.Test\NoFrillsTransformation.Plugins.Salesforce.Test.csproj", "{0B6F08BC-D66B-43A7-BA70-F75845D7BBF9}"
EndProject
Project("{FAE04EC0-301F-11D3-BF4B-00C04F79EFBC}") = "NoFrillsTransformation.Logging", "NoFrillsTransformation.Logging\NoFrillsTransformation.Logging.csproj", "{D4A41045-3615-4B0C-AA66-E1019A901D2B}"
EndProject
Project("{FAE04EC0-301F-11D3-BF4B-00C04F79EFBC}") = "NoFrillsTransformation.Plugins.Sap", "NoFrillsTransformation.Plugins.Sap\NoFrillsTransformation.Plugins.Sap.csproj", "{1EB0588E-449B-4E2F-9C0B-75D0CB313372}"
EndProject
Project("{FAE04EC0-301F-11D3-BF4B-00C04F79EFBC}") = "NoFrillsTransformation.Plugins.Sap.Test", "NoFrillsTransformation.Plugins.Sap.Test\NoFrillsTransformation.Plugins.Sap.Test.csproj", "{E849DD63-4907-428C-A1D1-4A1B77F5BDEE}"
EndProject
Project("{FAE04EC0-301F-11D3-BF4B-00C04F79EFBC}") = "NoFrillsTransformation.Operators.Utils", "NoFrillsTransformation.Operators.Utils\NoFrillsTransformation.Operators.Utils.csproj", "{D4B7585D-84BE-4B71-BCA5-A9C56FAE488F}"
EndProject
Global
	GlobalSection(SolutionConfigurationPlatforms) = preSolution
		Debug|Any CPU = Debug|Any CPU
		Release|Any CPU = Release|Any CPU
	EndGlobalSection
	GlobalSection(ProjectConfigurationPlatforms) = postSolution
		{6BA46494-CE03-4501-8E16-A0BF1C5A3314}.Debug|Any CPU.ActiveCfg = Debug|Any CPU
		{6BA46494-CE03-4501-8E16-A0BF1C5A3314}.Debug|Any CPU.Build.0 = Debug|Any CPU
		{6BA46494-CE03-4501-8E16-A0BF1C5A3314}.Release|Any CPU.ActiveCfg = Release|Any CPU
		{6BA46494-CE03-4501-8E16-A0BF1C5A3314}.Release|Any CPU.Build.0 = Release|Any CPU
		{E3B83D68-C90C-4874-8E5F-DEC8D038BC7C}.Debug|Any CPU.ActiveCfg = Debug|Any CPU
		{E3B83D68-C90C-4874-8E5F-DEC8D038BC7C}.Debug|Any CPU.Build.0 = Debug|Any CPU
		{E3B83D68-C90C-4874-8E5F-DEC8D038BC7C}.Release|Any CPU.ActiveCfg = Release|Any CPU
		{E3B83D68-C90C-4874-8E5F-DEC8D038BC7C}.Release|Any CPU.Build.0 = Release|Any CPU
		{94D2E8EB-FE71-4625-B425-F2DC61B3586C}.Debug|Any CPU.ActiveCfg = Debug|Any CPU
		{94D2E8EB-FE71-4625-B425-F2DC61B3586C}.Debug|Any CPU.Build.0 = Debug|Any CPU
		{94D2E8EB-FE71-4625-B425-F2DC61B3586C}.Release|Any CPU.ActiveCfg = Release|Any CPU
		{94D2E8EB-FE71-4625-B425-F2DC61B3586C}.Release|Any CPU.Build.0 = Release|Any CPU
		{BF8F3429-0C30-4398-9C68-C3F4A4602E27}.Debug|Any CPU.ActiveCfg = Debug|Any CPU
		{BF8F3429-0C30-4398-9C68-C3F4A4602E27}.Debug|Any CPU.Build.0 = Debug|Any CPU
		{BF8F3429-0C30-4398-9C68-C3F4A4602E27}.Release|Any CPU.ActiveCfg = Release|Any CPU
		{BF8F3429-0C30-4398-9C68-C3F4A4602E27}.Release|Any CPU.Build.0 = Release|Any CPU
		{EE679D88-2FDC-43C1-BA46-B675DDF50875}.Debug|Any CPU.ActiveCfg = Debug|Any CPU
		{EE679D88-2FDC-43C1-BA46-B675DDF50875}.Debug|Any CPU.Build.0 = Debug|Any CPU
		{EE679D88-2FDC-43C1-BA46-B675DDF50875}.Release|Any CPU.ActiveCfg = Release|Any CPU
		{EE679D88-2FDC-43C1-BA46-B675DDF50875}.Release|Any CPU.Build.0 = Release|Any CPU
		{5D6C04EA-4207-4893-85EF-F8AA3981122D}.Debug|Any CPU.ActiveCfg = Debug|Any CPU
		{5D6C04EA-4207-4893-85EF-F8AA3981122D}.Debug|Any CPU.Build.0 = Debug|Any CPU
		{5D6C04EA-4207-4893-85EF-F8AA3981122D}.Release|Any CPU.ActiveCfg = Release|Any CPU
		{5D6C04EA-4207-4893-85EF-F8AA3981122D}.Release|Any CPU.Build.0 = Release|Any CPU
		{0B6F08BC-D66B-43A7-BA70-F75845D7BBF9}.Debug|Any CPU.ActiveCfg = Debug|Any CPU
		{0B6F08BC-D66B-43A7-BA70-F75845D7BBF9}.Debug|Any CPU.Build.0 = Debug|Any CPU
		{0B6F08BC-D66B-43A7-BA70-F75845D7BBF9}.Release|Any CPU.ActiveCfg = Release|Any CPU
		{0B6F08BC-D66B-43A7-BA70-F75845D7BBF9}.Release|Any CPU.Build.0 = Release|Any CPU
		{D4A41045-3615-4B0C-AA66-E1019A901D2B}.Debug|Any CPU.ActiveCfg = Debug|Any CPU
		{D4A41045-3615-4B0C-AA66-E1019A901D2B}.Debug|Any CPU.Build.0 = Debug|Any CPU
		{D4A41045-3615-4B0C-AA66-E1019A901D2B}.Release|Any CPU.ActiveCfg = Release|Any CPU
		{D4A41045-3615-4B0C-AA66-E1019A901D2B}.Release|Any CPU.Build.0 = Release|Any CPU
		{1EB0588E-449B-4E2F-9C0B-75D0CB313372}.Debug|Any CPU.ActiveCfg = Debug|Any CPU
		{1EB0588E-449B-4E2F-9C0B-75D0CB313372}.Debug|Any CPU.Build.0 = Debug|Any CPU
		{1EB0588E-449B-4E2F-9C0B-75D0CB313372}.Release|Any CPU.ActiveCfg = Release|Any CPU
		{1EB0588E-449B-4E2F-9C0B-75D0CB313372}.Release|Any CPU.Build.0 = Release|Any CPU
		{E849DD63-4907-428C-A1D1-4A1B77F5BDEE}.Debug|Any CPU.ActiveCfg = Debug|Any CPU
		{E849DD63-4907-428C-A1D1-4A1B77F5BDEE}.Debug|Any CPU.Build.0 = Debug|Any CPU
		{E849DD63-4907-428C-A1D1-4A1B77F5BDEE}.Release|Any CPU.ActiveCfg = Release|Any CPU
		{E849DD63-4907-428C-A1D1-4A1B77F5BDEE}.Release|Any CPU.Build.0 = Release|Any CPU
		{D4B7585D-84BE-4B71-BCA5-A9C56FAE488F}.Debug|Any CPU.ActiveCfg = Debug|Any CPU
		{D4B7585D-84BE-4B71-BCA5-A9C56FAE488F}.Debug|Any CPU.Build.0 = Debug|Any CPU
		{D4B7585D-84BE-4B71-BCA5-A9C56FAE488F}.Release|Any CPU.ActiveCfg = Release|Any CPU
		{D4B7585D-84BE-4B71-BCA5-A9C56FAE488F}.Release|Any CPU.Build.0 = Release|Any CPU
	EndGlobalSection
	GlobalSection(SolutionProperties) = preSolution
		HideSolutionNode = FALSE
	EndGlobalSection
EndGlobal
