
Microsoft Visual Studio Solution File, Format Version 12.00
# Visual Studio 2013
VisualStudioVersion = 12.0.31101.0
MinimumVisualStudioVersion = 10.0.40219.1
Project("{FAE04EC0-301F-11D3-BF4B-00C04F79EFBC}") = "NoFrillsTransformation", "NoFrillsTransformation\NoFrillsTransformation.csproj", "{6BA46494-CE03-4501-8E16-A0BF1C5A3314}"
EndProject
Project("{FAE04EC0-301F-11D3-BF4B-00C04F79EFBC}") = "LumenWorks.Framework.IO", "..\3rdParty\LumenWorks.Framework.IO\LumenWorks.Framework.IO.csproj", "{E3B83D68-C90C-4874-8E5F-DEC8D038BC7C}"
EndProject
Project("{FAE04EC0-301F-11D3-BF4B-00C04F79EFBC}") = "NoFrillsTransformation.Plugins.Csv", "NoFrillsTranformation.Plugins.CsvReader\NoFrillsTransformation.Plugins.Csv.csproj", "{94D2E8EB-FE71-4625-B425-F2DC61B3586C}"
EndProject
Project("{FAE04EC0-301F-11D3-BF4B-00C04F79EFBC}") = "NoFrillsTransformation.Interfaces", "NoFrillsTransformation.Interfaces\NoFrillsTransformation.Interfaces.csproj", "{BF8F3429-0C30-4398-9C68-C3F4A4602E27}"
EndProject
Project("{2150E333-8FDC-42A3-9474-1A3956D46DE8}") = "Solution Items", "Solution Items", "{DCD343BD-D2D9-41B8-8A93-4DC18B9800E7}"
	ProjectSection(SolutionItems) = preProject
		..\..\config\operator_include.xml = ..\..\config\operator_include.xml
		..\..\README.md = ..\..\README.md
		..\..\config\sample_config.xml = ..\..\config\sample_config.xml
		..\..\config\sample_config_sfdc.xml = ..\..\config\sample_config_sfdc.xml
		..\..\config\sfdc_config_martin.xml = ..\..\config\sfdc_config_martin.xml
	EndProjectSection
EndProject
Project("{FAE04EC0-301F-11D3-BF4B-00C04F79EFBC}") = "NoFrillsTransformation.Operators", "NoFrillsTransformation.Operators\NoFrillsTransformation.Operators.csproj", "{EE679D88-2FDC-43C1-BA46-B675DDF50875}"
EndProject
Project("{FAE04EC0-301F-11D3-BF4B-00C04F79EFBC}") = "NoFrillsTransformation.Plugins.Salesforce", "NoFrillsTransformation.Plugins.Salesforce\NoFrillsTransformation.Plugins.Salesforce.csproj", "{5D6C04EA-4207-4893-85EF-F8AA3981122D}"
EndProject
Project("{FAE04EC0-301F-11D3-BF4B-00C04F79EFBC}") = "NoFrillsTransformation.Plugins.Salesforce.Test", "NoFrillsTransformation.Plugins.Salesforce.Test\NoFrillsTransformation.Plugins.Salesforce.Test.csproj", "{0B6F08BC-D66B-43A7-BA70-F75845D7BBF9}"
EndProject
Project("{FAE04EC0-301F-11D3-BF4B-00C04F79EFBC}") = "NoFrillsTransformation.Logging", "NoFrillsTransformation.Logging\NoFrillsTransformation.Logging.csproj", "{D4A41045-3615-4B0C-AA66-E1019A901D2B}"
EndProject
Project("{FAE04EC0-301F-11D3-BF4B-00C04F79EFBC}") = "NoFrillsTransformation.Plugins.Sap", "NoFrillsTransformation.Plugins.Sap\NoFrillsTransformation.Plugins.Sap.csproj", "{1EB0588E-449B-4E2F-9C0B-75D0CB313372}"
EndProject
Project("{FAE04EC0-301F-11D3-BF4B-00C04F79EFBC}") = "NoFrillsTransformation.Operators.Utils", "NoFrillsTransformation.Operators.Utils\NoFrillsTransformation.Operators.Utils.csproj", "{D4B7585D-84BE-4B71-BCA5-A9C56FAE488F}"
EndProject
Project("{FAE04EC0-301F-11D3-BF4B-00C04F79EFBC}") = "NoFrillsTransformation.Plugins.Xml", "NoFrillsTransformation.Plugins.Xml\NoFrillsTransformation.Plugins.Xml.csproj", "{40BB6CE6-D390-45EF-A26A-921FC281B804}"
EndProject
Project("{FAE04EC0-301F-11D3-BF4B-00C04F79EFBC}") = "NoFrillsTransformation.Plugins.Ado", "NoFrillsTransformation.Plugins.Ado\NoFrillsTransformation.Plugins.Ado.csproj", "{E8315763-87C7-4C07-A8AD-8A15B4201CB7}"
EndProject
Project("{FAE04EC0-301F-11D3-BF4B-00C04F79EFBC}") = "NoFrillsTransformation.Plugins.Ado.Sqlite", "NoFrillsTransformation.Plugins.Ado.Sqlite\NoFrillsTransformation.Plugins.Ado.Sqlite.csproj", "{5F8B566C-5F91-4917-B2D5-3C101986C3CD}"
EndProject
Project("{FAE04EC0-301F-11D3-BF4B-00C04F79EFBC}") = "NoFrillsTransformation.Plugins.Ado.MySql", "NoFrillsTransformation.Plugins.Ado.MySql\NoFrillsTransformation.Plugins.Ado.MySql.csproj", "{5FA139CB-057F-487E-B720-5E1677323C9F}"
EndProject
Project("{FAE04EC0-301F-11D3-BF4B-00C04F79EFBC}") = "NoFrillsTransformation.Plugins.Ado.SqlServer", "NoFrillsTransformation.Plugins.Ado.SqlServer\NoFrillsTransformation.Plugins.Ado.SqlServer.csproj", "{D8BE44C9-C322-489D-87BB-BA6C66A58F4E}"
EndProject
Project("{FAE04EC0-301F-11D3-BF4B-00C04F79EFBC}") = "NoFrillsTransformation.Plugins.Ado.Oracle", "NoFrillsTransformation.Plugins.Ado.Oracle\NoFrillsTransformation.Plugins.Ado.Oracle.csproj", "{55B8E04E-861A-4BCA-A80F-090B26D9EA86}"
EndProject
Project("{FAE04EC0-301F-11D3-BF4B-00C04F79EFBC}") = "NoFrillsTransformation.Plugins.Inline", "NoFrillsTransformation.Plugins.Inline\NoFrillsTransformation.Plugins.Inline.csproj", "{F532796A-1C34-4D81-B61F-24CD12384EFE}"
EndProject
Global
	GlobalSection(SolutionConfigurationPlatforms) = preSolution
		Debug|x64 = Debug|x64
		Debug|x86 = Debug|x86
		Release|x64 = Release|x64
		Release|x86 = Release|x86
	EndGlobalSection
	GlobalSection(ProjectConfigurationPlatforms) = postSolution
		{6BA46494-CE03-4501-8E16-A0BF1C5A3314}.Debug|x64.ActiveCfg = Debug|x64
		{6BA46494-CE03-4501-8E16-A0BF1C5A3314}.Debug|x64.Build.0 = Debug|x64
		{6BA46494-CE03-4501-8E16-A0BF1C5A3314}.Debug|x86.ActiveCfg = Debug|x86
		{6BA46494-CE03-4501-8E16-A0BF1C5A3314}.Debug|x86.Build.0 = Debug|x86
		{6BA46494-CE03-4501-8E16-A0BF1C5A3314}.Release|x64.ActiveCfg = Release|x64
		{6BA46494-CE03-4501-8E16-A0BF1C5A3314}.Release|x64.Build.0 = Release|x64
		{6BA46494-CE03-4501-8E16-A0BF1C5A3314}.Release|x86.ActiveCfg = Release|x86
		{6BA46494-CE03-4501-8E16-A0BF1C5A3314}.Release|x86.Build.0 = Release|x86
		{E3B83D68-C90C-4874-8E5F-DEC8D038BC7C}.Debug|x64.ActiveCfg = Debug|x64
		{E3B83D68-C90C-4874-8E5F-DEC8D038BC7C}.Debug|x64.Build.0 = Debug|x64
		{E3B83D68-C90C-4874-8E5F-DEC8D038BC7C}.Debug|x86.ActiveCfg = Debug|x86
		{E3B83D68-C90C-4874-8E5F-DEC8D038BC7C}.Debug|x86.Build.0 = Debug|x86
		{E3B83D68-C90C-4874-8E5F-DEC8D038BC7C}.Release|x64.ActiveCfg = Release|x64
		{E3B83D68-C90C-4874-8E5F-DEC8D038BC7C}.Release|x64.Build.0 = Release|x64
		{E3B83D68-C90C-4874-8E5F-DEC8D038BC7C}.Release|x86.ActiveCfg = Release|x86
		{E3B83D68-C90C-4874-8E5F-DEC8D038BC7C}.Release|x86.Build.0 = Release|x86
		{94D2E8EB-FE71-4625-B425-F2DC61B3586C}.Debug|x64.ActiveCfg = Debug|x64
		{94D2E8EB-FE71-4625-B425-F2DC61B3586C}.Debug|x64.Build.0 = Debug|x64
		{94D2E8EB-FE71-4625-B425-F2DC61B3586C}.Debug|x86.ActiveCfg = Debug|x86
		{94D2E8EB-FE71-4625-B425-F2DC61B3586C}.Debug|x86.Build.0 = Debug|x86
		{94D2E8EB-FE71-4625-B425-F2DC61B3586C}.Release|x64.ActiveCfg = Release|x64
		{94D2E8EB-FE71-4625-B425-F2DC61B3586C}.Release|x64.Build.0 = Release|x64
		{94D2E8EB-FE71-4625-B425-F2DC61B3586C}.Release|x86.ActiveCfg = Release|x86
		{94D2E8EB-FE71-4625-B425-F2DC61B3586C}.Release|x86.Build.0 = Release|x86
		{BF8F3429-0C30-4398-9C68-C3F4A4602E27}.Debug|x64.ActiveCfg = Debug|x64
		{BF8F3429-0C30-4398-9C68-C3F4A4602E27}.Debug|x64.Build.0 = Debug|x64
		{BF8F3429-0C30-4398-9C68-C3F4A4602E27}.Debug|x86.ActiveCfg = Debug|x86
		{BF8F3429-0C30-4398-9C68-C3F4A4602E27}.Debug|x86.Build.0 = Debug|x86
		{BF8F3429-0C30-4398-9C68-C3F4A4602E27}.Release|x64.ActiveCfg = Release|x64
		{BF8F3429-0C30-4398-9C68-C3F4A4602E27}.Release|x64.Build.0 = Release|x64
		{BF8F3429-0C30-4398-9C68-C3F4A4602E27}.Release|x86.ActiveCfg = Release|x86
		{BF8F3429-0C30-4398-9C68-C3F4A4602E27}.Release|x86.Build.0 = Release|x86
		{EE679D88-2FDC-43C1-BA46-B675DDF50875}.Debug|x64.ActiveCfg = Debug|x64
		{EE679D88-2FDC-43C1-BA46-B675DDF50875}.Debug|x64.Build.0 = Debug|x64
		{EE679D88-2FDC-43C1-BA46-B675DDF50875}.Debug|x86.ActiveCfg = Debug|x86
		{EE679D88-2FDC-43C1-BA46-B675DDF50875}.Debug|x86.Build.0 = Debug|x86
		{EE679D88-2FDC-43C1-BA46-B675DDF50875}.Release|x64.ActiveCfg = Release|x64
		{EE679D88-2FDC-43C1-BA46-B675DDF50875}.Release|x64.Build.0 = Release|x64
		{EE679D88-2FDC-43C1-BA46-B675DDF50875}.Release|x86.ActiveCfg = Release|x86
		{EE679D88-2FDC-43C1-BA46-B675DDF50875}.Release|x86.Build.0 = Release|x86
		{5D6C04EA-4207-4893-85EF-F8AA3981122D}.Debug|x64.ActiveCfg = Debug|x64
		{5D6C04EA-4207-4893-85EF-F8AA3981122D}.Debug|x64.Build.0 = Debug|x64
		{5D6C04EA-4207-4893-85EF-F8AA3981122D}.Debug|x86.ActiveCfg = Debug|x86
		{5D6C04EA-4207-4893-85EF-F8AA3981122D}.Debug|x86.Build.0 = Debug|x86
		{5D6C04EA-4207-4893-85EF-F8AA3981122D}.Release|x64.ActiveCfg = Release|x64
		{5D6C04EA-4207-4893-85EF-F8AA3981122D}.Release|x64.Build.0 = Release|x64
		{5D6C04EA-4207-4893-85EF-F8AA3981122D}.Release|x86.ActiveCfg = Release|x86
		{5D6C04EA-4207-4893-85EF-F8AA3981122D}.Release|x86.Build.0 = Release|x86
		{0B6F08BC-D66B-43A7-BA70-F75845D7BBF9}.Debug|x64.ActiveCfg = Debug|x64
		{0B6F08BC-D66B-43A7-BA70-F75845D7BBF9}.Debug|x64.Build.0 = Debug|x64
		{0B6F08BC-D66B-43A7-BA70-F75845D7BBF9}.Debug|x86.ActiveCfg = Debug|x86
		{0B6F08BC-D66B-43A7-BA70-F75845D7BBF9}.Debug|x86.Build.0 = Debug|x86
		{0B6F08BC-D66B-43A7-BA70-F75845D7BBF9}.Release|x64.ActiveCfg = Release|x64
		{0B6F08BC-D66B-43A7-BA70-F75845D7BBF9}.Release|x64.Build.0 = Release|x64
		{0B6F08BC-D66B-43A7-BA70-F75845D7BBF9}.Release|x86.ActiveCfg = Release|x86
		{0B6F08BC-D66B-43A7-BA70-F75845D7BBF9}.Release|x86.Build.0 = Release|x86
		{D4A41045-3615-4B0C-AA66-E1019A901D2B}.Debug|x64.ActiveCfg = Debug|x64
		{D4A41045-3615-4B0C-AA66-E1019A901D2B}.Debug|x64.Build.0 = Debug|x64
		{D4A41045-3615-4B0C-AA66-E1019A901D2B}.Debug|x86.ActiveCfg = Debug|x86
		{D4A41045-3615-4B0C-AA66-E1019A901D2B}.Debug|x86.Build.0 = Debug|x86
		{D4A41045-3615-4B0C-AA66-E1019A901D2B}.Release|x64.ActiveCfg = Release|x64
		{D4A41045-3615-4B0C-AA66-E1019A901D2B}.Release|x64.Build.0 = Release|x64
		{D4A41045-3615-4B0C-AA66-E1019A901D2B}.Release|x86.ActiveCfg = Release|x86
		{D4A41045-3615-4B0C-AA66-E1019A901D2B}.Release|x86.Build.0 = Release|x86
		{1EB0588E-449B-4E2F-9C0B-75D0CB313372}.Debug|x64.ActiveCfg = Debug|x64
		{1EB0588E-449B-4E2F-9C0B-75D0CB313372}.Debug|x64.Build.0 = Debug|x64
		{1EB0588E-449B-4E2F-9C0B-75D0CB313372}.Debug|x86.ActiveCfg = Debug|x86
		{1EB0588E-449B-4E2F-9C0B-75D0CB313372}.Release|x64.ActiveCfg = Release|x64
		{1EB0588E-449B-4E2F-9C0B-75D0CB313372}.Release|x64.Build.0 = Release|x64
		{1EB0588E-449B-4E2F-9C0B-75D0CB313372}.Release|x86.ActiveCfg = Release|x86
		{D4B7585D-84BE-4B71-BCA5-A9C56FAE488F}.Debug|x64.ActiveCfg = Debug|x64
		{D4B7585D-84BE-4B71-BCA5-A9C56FAE488F}.Debug|x64.Build.0 = Debug|x64
		{D4B7585D-84BE-4B71-BCA5-A9C56FAE488F}.Debug|x86.ActiveCfg = Debug|x86
		{D4B7585D-84BE-4B71-BCA5-A9C56FAE488F}.Debug|x86.Build.0 = Debug|x86
		{D4B7585D-84BE-4B71-BCA5-A9C56FAE488F}.Release|x64.ActiveCfg = Release|x64
		{D4B7585D-84BE-4B71-BCA5-A9C56FAE488F}.Release|x64.Build.0 = Release|x64
		{D4B7585D-84BE-4B71-BCA5-A9C56FAE488F}.Release|x86.ActiveCfg = Release|x86
		{D4B7585D-84BE-4B71-BCA5-A9C56FAE488F}.Release|x86.Build.0 = Release|x86
		{40BB6CE6-D390-45EF-A26A-921FC281B804}.Debug|x64.ActiveCfg = Debug|x64
		{40BB6CE6-D390-45EF-A26A-921FC281B804}.Debug|x64.Build.0 = Debug|x64
		{40BB6CE6-D390-45EF-A26A-921FC281B804}.Debug|x86.ActiveCfg = Debug|x86
		{40BB6CE6-D390-45EF-A26A-921FC281B804}.Debug|x86.Build.0 = Debug|x86
		{40BB6CE6-D390-45EF-A26A-921FC281B804}.Release|x64.ActiveCfg = Release|x64
		{40BB6CE6-D390-45EF-A26A-921FC281B804}.Release|x64.Build.0 = Release|x64
		{40BB6CE6-D390-45EF-A26A-921FC281B804}.Release|x86.ActiveCfg = Release|x86
		{40BB6CE6-D390-45EF-A26A-921FC281B804}.Release|x86.Build.0 = Release|x86
		{E8315763-87C7-4C07-A8AD-8A15B4201CB7}.Debug|x64.ActiveCfg = Debug|x64
		{E8315763-87C7-4C07-A8AD-8A15B4201CB7}.Debug|x64.Build.0 = Debug|x64
		{E8315763-87C7-4C07-A8AD-8A15B4201CB7}.Debug|x64.Deploy.0 = Debug|x64
		{E8315763-87C7-4C07-A8AD-8A15B4201CB7}.Debug|x86.ActiveCfg = Debug|x86
		{E8315763-87C7-4C07-A8AD-8A15B4201CB7}.Debug|x86.Build.0 = Debug|x86
		{E8315763-87C7-4C07-A8AD-8A15B4201CB7}.Release|x64.ActiveCfg = Release|x64
		{E8315763-87C7-4C07-A8AD-8A15B4201CB7}.Release|x64.Build.0 = Release|x64
		{E8315763-87C7-4C07-A8AD-8A15B4201CB7}.Release|x86.ActiveCfg = Release|x86
		{E8315763-87C7-4C07-A8AD-8A15B4201CB7}.Release|x86.Build.0 = Release|x86
		{5F8B566C-5F91-4917-B2D5-3C101986C3CD}.Debug|x64.ActiveCfg = Debug|x64
		{5F8B566C-5F91-4917-B2D5-3C101986C3CD}.Debug|x64.Build.0 = Debug|x64
		{5F8B566C-5F91-4917-B2D5-3C101986C3CD}.Debug|x86.ActiveCfg = Debug|x86
		{5F8B566C-5F91-4917-B2D5-3C101986C3CD}.Debug|x86.Build.0 = Debug|x86
		{5F8B566C-5F91-4917-B2D5-3C101986C3CD}.Release|x64.ActiveCfg = Release|x64
		{5F8B566C-5F91-4917-B2D5-3C101986C3CD}.Release|x64.Build.0 = Release|x64
		{5F8B566C-5F91-4917-B2D5-3C101986C3CD}.Release|x86.ActiveCfg = Release|x86
		{5FA139CB-057F-487E-B720-5E1677323C9F}.Debug|x64.ActiveCfg = Debug|x64
		{5FA139CB-057F-487E-B720-5E1677323C9F}.Debug|x64.Build.0 = Debug|x64
		{5FA139CB-057F-487E-B720-5E1677323C9F}.Debug|x86.ActiveCfg = Debug|x86
		{5FA139CB-057F-487E-B720-5E1677323C9F}.Debug|x86.Build.0 = Debug|x86
		{5FA139CB-057F-487E-B720-5E1677323C9F}.Release|x64.ActiveCfg = Release|x64
		{5FA139CB-057F-487E-B720-5E1677323C9F}.Release|x64.Build.0 = Release|x64
		{5FA139CB-057F-487E-B720-5E1677323C9F}.Release|x86.ActiveCfg = Release|x86
		{D8BE44C9-C322-489D-87BB-BA6C66A58F4E}.Debug|x64.ActiveCfg = Debug|x64
		{D8BE44C9-C322-489D-87BB-BA6C66A58F4E}.Debug|x64.Build.0 = Debug|x64
		{D8BE44C9-C322-489D-87BB-BA6C66A58F4E}.Debug|x86.ActiveCfg = Debug|x86
		{D8BE44C9-C322-489D-87BB-BA6C66A58F4E}.Debug|x86.Build.0 = Debug|x86
		{D8BE44C9-C322-489D-87BB-BA6C66A58F4E}.Release|x64.ActiveCfg = Release|x64
		{D8BE44C9-C322-489D-87BB-BA6C66A58F4E}.Release|x64.Build.0 = Release|x64
		{D8BE44C9-C322-489D-87BB-BA6C66A58F4E}.Release|x86.ActiveCfg = Release|x86
		{55B8E04E-861A-4BCA-A80F-090B26D9EA86}.Debug|x64.ActiveCfg = Debug|x64
		{55B8E04E-861A-4BCA-A80F-090B26D9EA86}.Debug|x86.ActiveCfg = Debug|x86
		{55B8E04E-861A-4BCA-A80F-090B26D9EA86}.Debug|x86.Build.0 = Debug|x86
		{55B8E04E-861A-4BCA-A80F-090B26D9EA86}.Release|x64.ActiveCfg = Release|x64
		{55B8E04E-861A-4BCA-A80F-090B26D9EA86}.Release|x86.ActiveCfg = Release|x86
		{55B8E04E-861A-4BCA-A80F-090B26D9EA86}.Release|x86.Build.0 = Release|x86
		{F532796A-1C34-4D81-B61F-24CD12384EFE}.Debug|x64.ActiveCfg = Debug|x64
		{F532796A-1C34-4D81-B61F-24CD12384EFE}.Debug|x64.Build.0 = Debug|x64
		{F532796A-1C34-4D81-B61F-24CD12384EFE}.Debug|x86.ActiveCfg = Debug|x86
		{F532796A-1C34-4D81-B61F-24CD12384EFE}.Debug|x86.Build.0 = Debug|x86
		{F532796A-1C34-4D81-B61F-24CD12384EFE}.Release|x64.ActiveCfg = Release|x64
		{F532796A-1C34-4D81-B61F-24CD12384EFE}.Release|x64.Build.0 = Release|x64
		{F532796A-1C34-4D81-B61F-24CD12384EFE}.Release|x86.ActiveCfg = Release|x86
		{F532796A-1C34-4D81-B61F-24CD12384EFE}.Release|x86.Build.0 = Release|x86
	EndGlobalSection
	GlobalSection(SolutionProperties) = preSolution
		HideSolutionNode = FALSE
	EndGlobalSection
EndGlobal
